
Microsoft Visual Studio Solution File, Format Version 12.00
# Visual Studio 14
VisualStudioVersion = 14.0.25420.1
MinimumVisualStudioVersion = 10.0.40219.1
Project("{FAE04EC0-301F-11D3-BF4B-00C04F79EFBC}") = "FixMens.Web", "FixMens\FixMens.Web.csproj", "{BAA409D4-362B-43CE-AC97-91B20387F989}"
EndProject
Project("{FAE04EC0-301F-11D3-BF4B-00C04F79EFBC}") = "Fixmens.Test", "Fixmens.Test\Fixmens.Test.csproj", "{FD7CB8C6-53BE-4476-901F-543B206EC3E1}"
EndProject
Project("{FAE04EC0-301F-11D3-BF4B-00C04F79EFBC}") = "FixMens.Service", "FixMens.Service\FixMens.Service.csproj", "{31E7B3E0-99DB-44F9-A6D7-582B5E481598}"
EndProject
Project("{FAE04EC0-301F-11D3-BF4B-00C04F79EFBC}") = "FixmensApi.Rest", "FixmensApi.Rest\FixmensApi.Rest.csproj", "{7585640E-51DB-4179-8D03-1F44FBE2F760}"
EndProject
Global
	GlobalSection(SolutionConfigurationPlatforms) = preSolution
		CD_ROM|Any CPU = CD_ROM|Any CPU
		Debug|Any CPU = Debug|Any CPU
		DVD-5|Any CPU = DVD-5|Any CPU
		Release|Any CPU = Release|Any CPU
		SingleImage|Any CPU = SingleImage|Any CPU
	EndGlobalSection
	GlobalSection(ProjectConfigurationPlatforms) = postSolution
		{BAA409D4-362B-43CE-AC97-91B20387F989}.CD_ROM|Any CPU.ActiveCfg = Release|Any CPU
		{BAA409D4-362B-43CE-AC97-91B20387F989}.CD_ROM|Any CPU.Build.0 = Release|Any CPU
		{BAA409D4-362B-43CE-AC97-91B20387F989}.Debug|Any CPU.ActiveCfg = Debug|Any CPU
		{BAA409D4-362B-43CE-AC97-91B20387F989}.Debug|Any CPU.Build.0 = Debug|Any CPU
		{BAA409D4-362B-43CE-AC97-91B20387F989}.DVD-5|Any CPU.ActiveCfg = Debug|Any CPU
		{BAA409D4-362B-43CE-AC97-91B20387F989}.DVD-5|Any CPU.Build.0 = Debug|Any CPU
		{BAA409D4-362B-43CE-AC97-91B20387F989}.Release|Any CPU.ActiveCfg = Release|Any CPU
		{BAA409D4-362B-43CE-AC97-91B20387F989}.Release|Any CPU.Build.0 = Release|Any CPU
		{BAA409D4-362B-43CE-AC97-91B20387F989}.SingleImage|Any CPU.ActiveCfg = Release|Any CPU
		{BAA409D4-362B-43CE-AC97-91B20387F989}.SingleImage|Any CPU.Build.0 = Release|Any CPU
		{FD7CB8C6-53BE-4476-901F-543B206EC3E1}.CD_ROM|Any CPU.ActiveCfg = Release|Any CPU
		{FD7CB8C6-53BE-4476-901F-543B206EC3E1}.CD_ROM|Any CPU.Build.0 = Release|Any CPU
		{FD7CB8C6-53BE-4476-901F-543B206EC3E1}.Debug|Any CPU.ActiveCfg = Debug|Any CPU
		{FD7CB8C6-53BE-4476-901F-543B206EC3E1}.Debug|Any CPU.Build.0 = Debug|Any CPU
		{FD7CB8C6-53BE-4476-901F-543B206EC3E1}.DVD-5|Any CPU.ActiveCfg = Debug|Any CPU
		{FD7CB8C6-53BE-4476-901F-543B206EC3E1}.DVD-5|Any CPU.Build.0 = Debug|Any CPU
		{FD7CB8C6-53BE-4476-901F-543B206EC3E1}.Release|Any CPU.ActiveCfg = Release|Any CPU
		{FD7CB8C6-53BE-4476-901F-543B206EC3E1}.Release|Any CPU.Build.0 = Release|Any CPU
		{FD7CB8C6-53BE-4476-901F-543B206EC3E1}.SingleImage|Any CPU.ActiveCfg = Release|Any CPU
		{FD7CB8C6-53BE-4476-901F-543B206EC3E1}.SingleImage|Any CPU.Build.0 = Release|Any CPU
		{31E7B3E0-99DB-44F9-A6D7-582B5E481598}.CD_ROM|Any CPU.ActiveCfg = Release|Any CPU
		{31E7B3E0-99DB-44F9-A6D7-582B5E481598}.CD_ROM|Any CPU.Build.0 = Release|Any CPU
		{31E7B3E0-99DB-44F9-A6D7-582B5E481598}.Debug|Any CPU.ActiveCfg = Debug|Any CPU
		{31E7B3E0-99DB-44F9-A6D7-582B5E481598}.Debug|Any CPU.Build.0 = Debug|Any CPU
		{31E7B3E0-99DB-44F9-A6D7-582B5E481598}.DVD-5|Any CPU.ActiveCfg = Debug|Any CPU
		{31E7B3E0-99DB-44F9-A6D7-582B5E481598}.DVD-5|Any CPU.Build.0 = Debug|Any CPU
		{31E7B3E0-99DB-44F9-A6D7-582B5E481598}.Release|Any CPU.ActiveCfg = Release|Any CPU
		{31E7B3E0-99DB-44F9-A6D7-582B5E481598}.Release|Any CPU.Build.0 = Release|Any CPU
		{31E7B3E0-99DB-44F9-A6D7-582B5E481598}.SingleImage|Any CPU.ActiveCfg = Release|Any CPU
		{31E7B3E0-99DB-44F9-A6D7-582B5E481598}.SingleImage|Any CPU.Build.0 = Release|Any CPU
		{7585640E-51DB-4179-8D03-1F44FBE2F760}.CD_ROM|Any CPU.ActiveCfg = Release|Any CPU
		{7585640E-51DB-4179-8D03-1F44FBE2F760}.CD_ROM|Any CPU.Build.0 = Release|Any CPU
		{7585640E-51DB-4179-8D03-1F44FBE2F760}.Debug|Any CPU.ActiveCfg = Debug|Any CPU
		{7585640E-51DB-4179-8D03-1F44FBE2F760}.Debug|Any CPU.Build.0 = Debug|Any CPU
		{7585640E-51DB-4179-8D03-1F44FBE2F760}.DVD-5|Any CPU.ActiveCfg = Debug|Any CPU
		{7585640E-51DB-4179-8D03-1F44FBE2F760}.DVD-5|Any CPU.Build.0 = Debug|Any CPU
		{7585640E-51DB-4179-8D03-1F44FBE2F760}.Release|Any CPU.ActiveCfg = Release|Any CPU
		{7585640E-51DB-4179-8D03-1F44FBE2F760}.Release|Any CPU.Build.0 = Release|Any CPU
		{7585640E-51DB-4179-8D03-1F44FBE2F760}.SingleImage|Any CPU.ActiveCfg = Release|Any CPU
		{7585640E-51DB-4179-8D03-1F44FBE2F760}.SingleImage|Any CPU.Build.0 = Release|Any CPU
	EndGlobalSection
	GlobalSection(SolutionProperties) = preSolution
		HideSolutionNode = FALSE
	EndGlobalSection
EndGlobal
